lockfileVersion: '9.0'

settings:
  autoInstallPeers: true
  excludeLinksFromLockfile: false

importers:

  .:
    dependencies:
      '@hono/node-server':
        specifier: ^1.14.1
        version: 1.14.1(hono@4.7.7)
      hono:
        specifier: ^4.7.7
        version: 4.7.7

packages:

  '@hono/node-server@1.14.1':
    resolution: {integrity: sha512-vmbuM+HPinjWzPe7FFPWMMQMsbKE9gDPhaH0FFdqbGpkT5lp++tcWDTxwBl5EgS5y6JVgIaCdjeHRfQ4XRBRjQ==}
    engines: {node: '>=18.14.1'}
    peerDependencies:
      hono: ^4

  hono@4.7.7:
    resolution: {integrity: sha512-2PCpQRbN87Crty8/L/7akZN3UyZIAopSoRxCwRbJgUuV1+MHNFHzYFxZTg4v/03cXUm+jce/qa2VSBZpKBm3Qw==}
    engines: {node: '>=16.9.0'}

snapshots:

  '@hono/node-server@1.14.1(hono@4.7.7)':
    dependencies:
      hono: 4.7.7

  hono@4.7.7: {}
